// !$*UTF8*$!
{
	archiveVersion = 1;
	classes = {
	};
	objectVersion = 46;
	objects = {

/* Begin PBXBuildFile section */
		0E951D1B1630732E00DB295F /* LoadConfig.cpp in Sources */ = {isa = PBXBuildFile; fileRef = 0E951D1A1630732E00DB295F /* LoadConfig.cpp */; };
		0ED973A31610C8B5000E4490 /* main.cpp in Sources */ = {isa = PBXBuildFile; fileRef = 0ED973A21610C8B5000E4490 /* main.cpp */; };
		0ED973B01610C974000E4490 /* TransferFunction.cpp in Sources */ = {isa = PBXBuildFile; fileRef = 0ED973AF1610C974000E4490 /* TransferFunction.cpp */; };
		0ED973B31610C9CD000E4490 /* Trapez.cpp in Sources */ = {isa = PBXBuildFile; fileRef = 0ED973B21610C9CD000E4490 /* Trapez.cpp */; };
		0ED973B61610CA00000E4490 /* CMatrix.cpp in Sources */ = {isa = PBXBuildFile; fileRef = 0ED973B51610CA00000E4490 /* CMatrix.cpp */; };
		0ED973B91610CA28000E4490 /* CPosition.cpp in Sources */ = {isa = PBXBuildFile; fileRef = 0ED973B81610CA28000E4490 /* CPosition.cpp */; };
		0ED973BC1610CA54000E4490 /* CQuaternion.cpp in Sources */ = {isa = PBXBuildFile; fileRef = 0ED973BB1610CA54000E4490 /* CQuaternion.cpp */; };
		0ED973BF1610CA7B000E4490 /* CVector.cpp in Sources */ = {isa = PBXBuildFile; fileRef = 0ED973BE1610CA7B000E4490 /* CVector.cpp */; };
		0ED973C21610CAA5000E4490 /* ArcBall.cpp in Sources */ = {isa = PBXBuildFile; fileRef = 0ED973C11610CAA5000E4490 /* ArcBall.cpp */; };
		0ED973C51610CACA000E4490 /* Camera.cpp in Sources */ = {isa = PBXBuildFile; fileRef = 0ED973C41610CACA000E4490 /* Camera.cpp */; };
		0ED973C81610CAF8000E4490 /* GlutCgWindow.cpp in Sources */ = {isa = PBXBuildFile; fileRef = 0ED973C71610CAF8000E4490 /* GlutCgWindow.cpp */; };
		0ED973CB1610CB26000E4490 /* GlutWindow.cpp in Sources */ = {isa = PBXBuildFile; fileRef = 0ED973CA1610CB26000E4490 /* GlutWindow.cpp */; };
		0ED973CE1610CB49000E4490 /* mathutil.cpp in Sources */ = {isa = PBXBuildFile; fileRef = 0ED973CD1610CB49000E4490 /* mathutil.cpp */; };
		0ED973D21610CB8A000E4490 /* SimpleSlicerWindow.cpp in Sources */ = {isa = PBXBuildFile; fileRef = 0ED973D11610CB8A000E4490 /* SimpleSlicerWindow.cpp */; };
		0ED973D71610CCC2000E4490 /* Cg.framework in Frameworks */ = {isa = PBXBuildFile; fileRef = 0ED973D61610CCC2000E4490 /* Cg.framework */; };
		0ED973D91610CCCB000E4490 /* GLUI.framework in Frameworks */ = {isa = PBXBuildFile; fileRef = 0ED973D81610CCCA000E4490 /* GLUI.framework */; };
		0ED973DB1610CCD0000E4490 /* GLUT.framework in Frameworks */ = {isa = PBXBuildFile; fileRef = 0ED973DA1610CCD0000E4490 /* GLUT.framework */; };
		0ED973DD1610CCE6000E4490 /* OpenGL.framework in Frameworks */ = {isa = PBXBuildFile; fileRef = 0ED973DC1610CCE5000E4490 /* OpenGL.framework */; };
/* End PBXBuildFile section */

/* Begin PBXCopyFilesBuildPhase section */
		0ED9739C1610C8B5000E4490 /* CopyFiles */ = {
			isa = PBXCopyFilesBuildPhase;
			buildActionMask = 2147483647;
			dstPath = /usr/share/man/man1/;
			dstSubfolderSpec = 0;
			files = (
			);
			runOnlyForDeploymentPostprocessing = 1;
		};
/* End PBXCopyFilesBuildPhase section */

/* Begin PBXFileReference section */
		0E951D1A1630732E00DB295F /* LoadConfig.cpp */ = {isa = PBXFileReference; fileEncoding = 4; lastKnownFileType = sourcecode.cpp.cpp; lineEnding = 0; path = LoadConfig.cpp; sourceTree = "<group>"; xcLanguageSpecificationIdentifier = xcode.lang.cpp; };
		0ED9739E1610C8B5000E4490 /* AstroVis */ = {isa = PBXFileReference; explicitFileType = "compiled.mach-o.executable"; includeInIndex = 0; path = AstroVis; sourceTree = BUILT_PRODUCTS_DIR; };
		0ED973A21610C8B5000E4490 /* main.cpp */ = {isa = PBXFileReference; lastKnownFileType = sourcecode.cpp.cpp; lineEnding = 0; path = main.cpp; sourceTree = "<group>"; xcLanguageSpecificationIdentifier = xcode.lang.cpp; };
		0ED973AF1610C974000E4490 /* TransferFunction.cpp */ = {isa = PBXFileReference; fileEncoding = 4; lastKnownFileType = sourcecode.cpp.cpp; path = TransferFunction.cpp; sourceTree = "<group>"; };
		0ED973B11610C99C000E4490 /* TransferFunction.h */ = {isa = PBXFileReference; lastKnownFileType = sourcecode.c.h; path = TransferFunction.h; sourceTree = "<group>"; };
		0ED973B21610C9CD000E4490 /* Trapez.cpp */ = {isa = PBXFileReference; fileEncoding = 4; lastKnownFileType = sourcecode.cpp.cpp; path = Trapez.cpp; sourceTree = "<group>"; };
		0ED973B41610C9E2000E4490 /* Trapez.h */ = {isa = PBXFileReference; lastKnownFileType = sourcecode.c.h; path = Trapez.h; sourceTree = "<group>"; };
		0ED973B51610CA00000E4490 /* CMatrix.cpp */ = {isa = PBXFileReference; fileEncoding = 4; lastKnownFileType = sourcecode.cpp.cpp; path = CMatrix.cpp; sourceTree = "<group>"; };
		0ED973B71610CA13000E4490 /* CMatrix.h */ = {isa = PBXFileReference; lastKnownFileType = sourcecode.c.h; path = CMatrix.h; sourceTree = "<group>"; };
		0ED973B81610CA28000E4490 /* CPosition.cpp */ = {isa = PBXFileReference; fileEncoding = 4; lastKnownFileType = sourcecode.cpp.cpp; path = CPosition.cpp; sourceTree = "<group>"; };
		0ED973BA1610CA3C000E4490 /* CPosition.h */ = {isa = PBXFileReference; lastKnownFileType = sourcecode.c.h; path = CPosition.h; sourceTree = "<group>"; };
		0ED973BB1610CA54000E4490 /* CQuaternion.cpp */ = {isa = PBXFileReference; fileEncoding = 4; lastKnownFileType = sourcecode.cpp.cpp; path = CQuaternion.cpp; sourceTree = "<group>"; };
		0ED973BD1610CA68000E4490 /* CQuaternion.h */ = {isa = PBXFileReference; lastKnownFileType = sourcecode.c.h; path = CQuaternion.h; sourceTree = "<group>"; };
		0ED973BE1610CA7B000E4490 /* CVector.cpp */ = {isa = PBXFileReference; fileEncoding = 4; lastKnownFileType = sourcecode.cpp.cpp; path = CVector.cpp; sourceTree = "<group>"; };
		0ED973C01610CA8F000E4490 /* CVector.h */ = {isa = PBXFileReference; lastKnownFileType = sourcecode.c.h; path = CVector.h; sourceTree = "<group>"; };
		0ED973C11610CAA5000E4490 /* ArcBall.cpp */ = {isa = PBXFileReference; fileEncoding = 4; lastKnownFileType = sourcecode.cpp.cpp; path = ArcBall.cpp; sourceTree = "<group>"; };
		0ED973C31610CAB7000E4490 /* ArcBall.h */ = {isa = PBXFileReference; lastKnownFileType = sourcecode.c.h; path = ArcBall.h; sourceTree = "<group>"; };
		0ED973C41610CACA000E4490 /* Camera.cpp */ = {isa = PBXFileReference; fileEncoding = 4; lastKnownFileType = sourcecode.cpp.cpp; path = Camera.cpp; sourceTree = "<group>"; };
		0ED973C61610CADB000E4490 /* Camera.h */ = {isa = PBXFileReference; lastKnownFileType = sourcecode.c.h; path = Camera.h; sourceTree = "<group>"; };
		0ED973C71610CAF8000E4490 /* GlutCgWindow.cpp */ = {isa = PBXFileReference; fileEncoding = 4; lastKnownFileType = sourcecode.cpp.cpp; path = GlutCgWindow.cpp; sourceTree = "<group>"; };
		0ED973C91610CB0D000E4490 /* GlutCgWindow.h */ = {isa = PBXFileReference; lastKnownFileType = sourcecode.c.h; path = GlutCgWindow.h; sourceTree = "<group>"; };
		0ED973CA1610CB26000E4490 /* GlutWindow.cpp */ = {isa = PBXFileReference; fileEncoding = 4; lastKnownFileType = sourcecode.cpp.cpp; path = GlutWindow.cpp; sourceTree = "<group>"; };
		0ED973CC1610CB37000E4490 /* GlutWindow.h */ = {isa = PBXFileReference; lastKnownFileType = sourcecode.c.h; path = GlutWindow.h; sourceTree = "<group>"; };
		0ED973CD1610CB49000E4490 /* mathutil.cpp */ = {isa = PBXFileReference; fileEncoding = 4; lastKnownFileType = sourcecode.cpp.cpp; path = mathutil.cpp; sourceTree = "<group>"; };
		0ED973CF1610CB5A000E4490 /* mathutil.h */ = {isa = PBXFileReference; lastKnownFileType = sourcecode.c.h; path = mathutil.h; sourceTree = "<group>"; };
		0ED973D01610CB6E000E4490 /* global.h */ = {isa = PBXFileReference; lastKnownFileType = sourcecode.c.h; path = global.h; sourceTree = "<group>"; };
		0ED973D11610CB8A000E4490 /* SimpleSlicerWindow.cpp */ = {isa = PBXFileReference; fileEncoding = 4; lastKnownFileType = sourcecode.cpp.cpp; lineEnding = 0; path = SimpleSlicerWindow.cpp; sourceTree = "<group>"; xcLanguageSpecificationIdentifier = xcode.lang.cpp; };
		0ED973D31610CB9D000E4490 /* SimpleSlicerWindow.h */ = {isa = PBXFileReference; lastKnownFileType = sourcecode.c.h; path = SimpleSlicerWindow.h; sourceTree = "<group>"; };
		0ED973D41610CBB2000E4490 /* globaldefs.h */ = {isa = PBXFileReference; lastKnownFileType = sourcecode.c.h; lineEnding = 0; path = globaldefs.h; sourceTree = "<group>"; xcLanguageSpecificationIdentifier = xcode.lang.objcpp; };
		0ED973D51610CBE1000E4490 /* gluiVars.h */ = {isa = PBXFileReference; lastKnownFileType = sourcecode.c.h; path = gluiVars.h; sourceTree = "<group>"; };
		0ED973D61610CCC2000E4490 /* Cg.framework */ = {isa = PBXFileReference; lastKnownFileType = wrapper.framework; name = Cg.framework; path = Library/Frameworks/Cg.framework; sourceTree = SDKROOT; };
		0ED973D81610CCCA000E4490 /* GLUI.framework */ = {isa = PBXFileReference; lastKnownFileType = wrapper.framework; name = GLUI.framework; path = Library/Frameworks/GLUI.framework; sourceTree = SDKROOT; };
		0ED973DA1610CCD0000E4490 /* GLUT.framework */ = {isa = PBXFileReference; lastKnownFileType = wrapper.framework; name = GLUT.framework; path = System/Library/Frameworks/GLUT.framework; sourceTree = SDKROOT; };
		0ED973DC1610CCE5000E4490 /* OpenGL.framework */ = {isa = PBXFileReference; lastKnownFileType = wrapper.framework; name = OpenGL.framework; path = System/Library/Frameworks/OpenGL.framework; sourceTree = SDKROOT; };
/* End PBXFileReference section */

/* Begin PBXFrameworksBuildPhase section */
		0ED9739B1610C8B5000E4490 /* Frameworks */ = {
			isa = PBXFrameworksBuildPhase;
			buildActionMask = 2147483647;
			files = (
				0ED973DD1610CCE6000E4490 /* OpenGL.framework in Frameworks */,
				0ED973DB1610CCD0000E4490 /* GLUT.framework in Frameworks */,
				0ED973D91610CCCB000E4490 /* GLUI.framework in Frameworks */,
				0ED973D71610CCC2000E4490 /* Cg.framework in Frameworks */,
			);
			runOnlyForDeploymentPostprocessing = 0;
		};
/* End PBXFrameworksBuildPhase section */

/* Begin PBXGroup section */
		0ED973931610C8B5000E4490 = {
			isa = PBXGroup;
			children = (
				0ED973DC1610CCE5000E4490 /* OpenGL.framework */,
				0ED973DA1610CCD0000E4490 /* GLUT.framework */,
				0ED973D81610CCCA000E4490 /* GLUI.framework */,
				0ED973D61610CCC2000E4490 /* Cg.framework */,
				0ED973A11610C8B5000E4490 /* AstroVis */,
				0ED9739F1610C8B5000E4490 /* Products */,
			);
			sourceTree = "<group>";
		};
		0ED9739F1610C8B5000E4490 /* Products */ = {
			isa = PBXGroup;
			children = (
				0ED9739E1610C8B5000E4490 /* AstroVis */,
			);
			name = Products;
			sourceTree = "<group>";
		};
		0ED973A11610C8B5000E4490 /* AstroVis */ = {
			isa = PBXGroup;
			children = (
				0ED973AE1610C948000E4490 /* transfunc */,
				0ED973AD1610C940000E4490 /* mathutil */,
				0ED973AC1610C93A000E4490 /* core */,
				0ED973AB1610C92D000E4490 /* app */,
			);
			path = AstroVis;
			sourceTree = "<group>";
		};
		0ED973AB1610C92D000E4490 /* app */ = {
			isa = PBXGroup;
			children = (
				0ED973A21610C8B5000E4490 /* main.cpp */,
				0ED973D11610CB8A000E4490 /* SimpleSlicerWindow.cpp */,
				0ED973D31610CB9D000E4490 /* SimpleSlicerWindow.h */,
				0ED973D41610CBB2000E4490 /* globaldefs.h */,
				0E951D1A1630732E00DB295F /* LoadConfig.cpp */,
				0ED973D51610CBE1000E4490 /* gluiVars.h */,
			);
			name = app;
			sourceTree = "<group>";
		};
		0ED973AC1610C93A000E4490 /* core */ = {
			isa = PBXGroup;
			children = (
				0ED973C11610CAA5000E4490 /* ArcBall.cpp */,
				0ED973C31610CAB7000E4490 /* ArcBall.h */,
				0ED973C41610CACA000E4490 /* Camera.cpp */,
				0ED973C61610CADB000E4490 /* Camera.h */,
				0ED973C71610CAF8000E4490 /* GlutCgWindow.cpp */,
				0ED973C91610CB0D000E4490 /* GlutCgWindow.h */,
				0ED973CA1610CB26000E4490 /* GlutWindow.cpp */,
				0ED973CC1610CB37000E4490 /* GlutWindow.h */,
				0ED973CD1610CB49000E4490 /* mathutil.cpp */,
				0ED973CF1610CB5A000E4490 /* mathutil.h */,
				0ED973D01610CB6E000E4490 /* global.h */,
			);
			name = core;
			sourceTree = "<group>";
		};
		0ED973AD1610C940000E4490 /* mathutil */ = {
			isa = PBXGroup;
			children = (
				0ED973B51610CA00000E4490 /* CMatrix.cpp */,
				0ED973B71610CA13000E4490 /* CMatrix.h */,
				0ED973B81610CA28000E4490 /* CPosition.cpp */,
				0ED973BA1610CA3C000E4490 /* CPosition.h */,
				0ED973BB1610CA54000E4490 /* CQuaternion.cpp */,
				0ED973BD1610CA68000E4490 /* CQuaternion.h */,
				0ED973BE1610CA7B000E4490 /* CVector.cpp */,
				0ED973C01610CA8F000E4490 /* CVector.h */,
			);
			name = mathutil;
			sourceTree = "<group>";
		};
		0ED973AE1610C948000E4490 /* transfunc */ = {
			isa = PBXGroup;
			children = (
				0ED973AF1610C974000E4490 /* TransferFunction.cpp */,
				0ED973B11610C99C000E4490 /* TransferFunction.h */,
				0ED973B21610C9CD000E4490 /* Trapez.cpp */,
				0ED973B41610C9E2000E4490 /* Trapez.h */,
			);
			name = transfunc;
			sourceTree = "<group>";
		};
/* End PBXGroup section */

/* Begin PBXNativeTarget section */
		0ED9739D1610C8B5000E4490 /* AstroVis */ = {
			isa = PBXNativeTarget;
			buildConfigurationList = 0ED973A81610C8B5000E4490 /* Build configuration list for PBXNativeTarget "AstroVis" */;
			buildPhases = (
				0ED9739A1610C8B5000E4490 /* Sources */,
				0ED9739B1610C8B5000E4490 /* Frameworks */,
				0ED9739C1610C8B5000E4490 /* CopyFiles */,
			);
			buildRules = (
			);
			dependencies = (
			);
			name = AstroVis;
			productName = AstroVis;
			productReference = 0ED9739E1610C8B5000E4490 /* AstroVis */;
			productType = "com.apple.product-type.tool";
		};
/* End PBXNativeTarget section */

/* Begin PBXProject section */
		0ED973951610C8B5000E4490 /* Project object */ = {
			isa = PBXProject;
			attributes = {
				LastUpgradeCheck = 0430;
			};
			buildConfigurationList = 0ED973981610C8B5000E4490 /* Build configuration list for PBXProject "AstroVis" */;
			compatibilityVersion = "Xcode 3.2";
			developmentRegion = English;
			hasScannedForEncodings = 0;
			knownRegions = (
				en,
			);
			mainGroup = 0ED973931610C8B5000E4490;
			productRefGroup = 0ED9739F1610C8B5000E4490 /* Products */;
			projectDirPath = "";
			projectRoot = "";
			targets = (
				0ED9739D1610C8B5000E4490 /* AstroVis */,
			);
		};
/* End PBXProject section */

/* Begin PBXSourcesBuildPhase section */
		0ED9739A1610C8B5000E4490 /* Sources */ = {
			isa = PBXSourcesBuildPhase;
			buildActionMask = 2147483647;
			files = (
				0ED973A31610C8B5000E4490 /* main.cpp in Sources */,
				0ED973B01610C974000E4490 /* TransferFunction.cpp in Sources */,
				0ED973B31610C9CD000E4490 /* Trapez.cpp in Sources */,
				0ED973B61610CA00000E4490 /* CMatrix.cpp in Sources */,
				0ED973B91610CA28000E4490 /* CPosition.cpp in Sources */,
				0ED973BC1610CA54000E4490 /* CQuaternion.cpp in Sources */,
				0ED973BF1610CA7B000E4490 /* CVector.cpp in Sources */,
				0ED973C21610CAA5000E4490 /* ArcBall.cpp in Sources */,
				0ED973C51610CACA000E4490 /* Camera.cpp in Sources */,
				0ED973C81610CAF8000E4490 /* GlutCgWindow.cpp in Sources */,
				0ED973CB1610CB26000E4490 /* GlutWindow.cpp in Sources */,
				0ED973CE1610CB49000E4490 /* mathutil.cpp in Sources */,
				0ED973D21610CB8A000E4490 /* SimpleSlicerWindow.cpp in Sources */,
				0E951D1B1630732E00DB295F /* LoadConfig.cpp in Sources */,
			);
			runOnlyForDeploymentPostprocessing = 0;
		};
/* End PBXSourcesBuildPhase section */

/* Begin XCBuildConfiguration section */
		0ED973A61610C8B5000E4490 /* Debug */ = {
			isa = XCBuildConfiguration;
			buildSettings = {
				ALWAYS_SEARCH_USER_PATHS = NO;
				ARCHS = "$(ARCHS_STANDARD_64_BIT)";
				COPY_PHASE_STRIP = NO;
				GCC_C_LANGUAGE_STANDARD = gnu99;
				GCC_DYNAMIC_NO_PIC = NO;
				GCC_ENABLE_OBJC_EXCEPTIONS = YES;
				GCC_OPTIMIZATION_LEVEL = 0;
				GCC_PREPROCESSOR_DEFINITIONS = (
					"DEBUG=1",
					"$(inherited)",
				);
				GCC_SYMBOLS_PRIVATE_EXTERN = NO;
				GCC_VERSION = com.apple.compilers.llvm.clang.1_0;
				GCC_WARN_64_TO_32_BIT_CONVERSION = YES;
				GCC_WARN_ABOUT_RETURN_TYPE = YES;
				GCC_WARN_UNINITIALIZED_AUTOS = YES;
				GCC_WARN_UNUSED_VARIABLE = YES;
				MACOSX_DEPLOYMENT_TARGET = 10.7;
				ONLY_ACTIVE_ARCH = YES;
				SDKROOT = macosx;
			};
			name = Debug;
		};
		0ED973A71610C8B5000E4490 /* Release */ = {
			isa = XCBuildConfiguration;
			buildSettings = {
				ALWAYS_SEARCH_USER_PATHS = NO;
				ARCHS = "$(ARCHS_STANDARD_64_BIT)";
				COPY_PHASE_STRIP = YES;
				DEBUG_INFORMATION_FORMAT = "dwarf-with-dsym";
				GCC_C_LANGUAGE_STANDARD = gnu99;
				GCC_ENABLE_OBJC_EXCEPTIONS = YES;
				GCC_VERSION = com.apple.compilers.llvm.clang.1_0;
				GCC_WARN_64_TO_32_BIT_CONVERSION = YES;
				GCC_WARN_ABOUT_RETURN_TYPE = YES;
				GCC_WARN_UNINITIALIZED_AUTOS = YES;
				GCC_WARN_UNUSED_VARIABLE = YES;
				MACOSX_DEPLOYMENT_TARGET = 10.7;
				SDKROOT = macosx;
			};
			name = Release;
		};
		0ED973A91610C8B5000E4490 /* Debug */ = {
			isa = XCBuildConfiguration;
			buildSettings = {
				PRODUCT_NAME = "$(TARGET_NAME)";
			};
			name = Debug;
		};
		0ED973AA1610C8B5000E4490 /* Release */ = {
			isa = XCBuildConfiguration;
			buildSettings = {
				PRODUCT_NAME = "$(TARGET_NAME)";
			};
			name = Release;
		};
/* End XCBuildConfiguration section */

/* Begin XCConfigurationList section */
		0ED973981610C8B5000E4490 /* Build configuration list for PBXProject "AstroVis" */ = {
			isa = XCConfigurationList;
			buildConfigurations = (
				0ED973A61610C8B5000E4490 /* Debug */,
				0ED973A71610C8B5000E4490 /* Release */,
			);
			defaultConfigurationIsVisible = 0;
			defaultConfigurationName = Release;
		};
		0ED973A81610C8B5000E4490 /* Build configuration list for PBXNativeTarget "AstroVis" */ = {
			isa = XCConfigurationList;
			buildConfigurations = (
				0ED973A91610C8B5000E4490 /* Debug */,
				0ED973AA1610C8B5000E4490 /* Release */,
			);
			defaultConfigurationIsVisible = 0;
			defaultConfigurationName = Release;
		};
/* End XCConfigurationList section */
	};
	rootObject = 0ED973951610C8B5000E4490 /* Project object */;
}
